<?xml version="1.0" encoding="utf-8"?>
<Project ToolsVersion="4.0" xmlns="http://schemas.microsoft.com/developer/msbuild/2003">
  <ItemGroup>
    <Filter Include="源文件">
      <UniqueIdentifier>{4FC737F1-C7A5-4376-A066-2A32D752A2FF}</UniqueIdentifier>
      <Extensions>cpp;c;cc;cxx;def;odl;idl;hpj;bat;asm;asmx</Extensions>
    </Filter>
    <Filter Include="头文件">
      <UniqueIdentifier>{93995380-89BD-4b04-88EB-625FBE52EBFB}</UniqueIdentifier>
      <Extensions>h;hh;hpp;hxx;hm;inl;inc;xsd</Extensions>
    </Filter>
    <Filter Include="资源文件">
      <UniqueIdentifier>{67DA6AB6-F800-4c08-8B7A-83BB121AAD01}</UniqueIdentifier>
      <Extensions>rc;ico;cur;bmp;dlg;rc2;rct;bin;rgs;gif;jpg;jpeg;jpe;resx;tiff;tif;png;wav;mfcribbon-ms</Extensions>
    </Filter>
  </ItemGroup>
  <ItemGroup>
    <ClCompile Include="腾讯2017暑期实习生A.cpp">
      <Filter>源文件</Filter>
    </ClCompile>
    <ClCompile Include="腾讯2017暑期实习生B.cpp">
      <Filter>源文件</Filter>
    </ClCompile>
    <ClCompile Include="腾讯2017暑期实习生C.cpp">
      <Filter>源文件</Filter>
    </ClCompile>
    <ClCompile Include="源.cpp">
      <Filter>源文件</Filter>
    </ClCompile>
    <ClCompile Include="华为研发工程师编程题A.cpp">
      <Filter>源文件</Filter>
    </ClCompile>
    <ClCompile Include="华为研发工程师编程题B.cpp">
      <Filter>源文件</Filter>
    </ClCompile>
    <ClCompile Include="华为研发工程师编程题C.cpp">
      <Filter>源文件</Filter>
    </ClCompile>
    <ClCompile Include="网易2016研发工程师编程题A.cpp">
      <Filter>源文件</Filter>
    </ClCompile>
    <ClCompile Include="网易2016研发工程师编程题B.cpp">
      <Filter>源文件</Filter>
    </ClCompile>
    <ClCompile Include="网易2016研发工程师编程题C.cpp">
      <Filter>源文件</Filter>
    </ClCompile>
    <ClCompile Include="网易有道2017内推编程题A.cpp">
      <Filter>源文件</Filter>
    </ClCompile>
    <ClCompile Include="网易有道2017内推编程题B.cpp">
      <Filter>源文件</Filter>
    </ClCompile>
    <ClCompile Include="腾讯2016研发工程师编程题A.cpp">
      <Filter>源文件</Filter>
    </ClCompile>
    <ClCompile Include="网易2017秋招编程题集合A.cpp">
      <Filter>源文件</Filter>
    </ClCompile>
    <ClCompile Include="网易2017秋招编程题集合B.cpp">
      <Filter>源文件</Filter>
    </ClCompile>
    <ClCompile Include="网易2017秋招编程题集合C.cpp">
      <Filter>源文件</Filter>
    </ClCompile>
    <ClCompile Include="网易2017秋招编程题集合D.cpp">
      <Filter>源文件</Filter>
    </ClCompile>
    <ClCompile Include="网易2017秋招编程题集合E.cpp">
      <Filter>源文件</Filter>
    </ClCompile>
    <ClCompile Include="网易2017秋招编程题集合F.cpp">
      <Filter>源文件</Filter>
    </ClCompile>
    <ClCompile Include="网易2017秋招编程题集合G.cpp">
      <Filter>源文件</Filter>
    </ClCompile>
    <ClCompile Include="网易2017秋招编程题集合H.cpp">
      <Filter>源文件</Filter>
    </ClCompile>
    <ClCompile Include="网易2016实习研发工程师编程题A.cpp">
      <Filter>源文件</Filter>
    </ClCompile>
    <ClCompile Include="网易2016实习研发工程师编程题B.cpp">
      <Filter>源文件</Filter>
    </ClCompile>
    <ClCompile Include="乐视2017暑期实习生笔试题（一）A.cpp">
      <Filter>源文件</Filter>
    </ClCompile>
    <ClCompile Include="乐视2017暑期实习生笔试题（一）B.cpp">
      <Filter>源文件</Filter>
    </ClCompile>
    <ClCompile Include="乐视2017暑期实习生笔试题（一）C.cpp">
      <Filter>源文件</Filter>
    </ClCompile>
    <ClCompile Include="华为2016研发工程师编程题A.cpp">
      <Filter>源文件</Filter>
    </ClCompile>
    <ClCompile Include="华为2016研发工程师编程题B.cpp">
      <Filter>源文件</Filter>
    </ClCompile>
    <ClCompile Include="华为2016研发工程师编程题C.cpp">
      <Filter>源文件</Filter>
    </ClCompile>
    <ClCompile Include="去哪儿2015研发工程师笔试题C.cpp">
      <Filter>源文件</Filter>
    </ClCompile>
    <ClCompile Include="京东2016研发工程师编程题（二）A.cpp">
      <Filter>源文件</Filter>
    </ClCompile>
    <ClCompile Include="京东2016研发工程师编程题A.cpp">
      <Filter>源文件</Filter>
    </ClCompile>
    <ClCompile Include="网易2016研发工程师编程题2A.cpp">
      <Filter>源文件</Filter>
    </ClCompile>
    <ClCompile Include="网易2016研发工程师编程题2B.cpp">
      <Filter>源文件</Filter>
    </ClCompile>
  </ItemGroup>
</Project>